{"filter":false,"title":"Gemfile.lock","tooltip":"/Gemfile.lock","undoManager":{"mark":-1,"position":-1,"stack":[]},"ace":{"folds":[],"scrolltop":4800,"scrollleft":0,"selection":{"start":{"row":344,"column":20},"end":{"row":344,"column":20},"isBackwards":false},"options":{"guessTabSize":true,"useWrapMode":false,"wrapToView":true},"firstLineState":{"row":332,"state":"start","mode":"ace/mode/text"}},"timestamp":1538244636295,"hash":"4b856992f0abdbe50bdeea63b7ca94ef372ddf84"}